<?xml version="1.0" encoding="UTF-8"?>
<CONFIG>
  <ProjectOptions>
    <Version Value="10"/>
    <PathDelim Value="\"/>
    <General>
      <Flags>
        <MainUnitHasCreateFormStatements Value="False"/>
        <MainUnitHasTitleStatement Value="False"/>
      </Flags>
      <SessionStorage Value="InProjectDir"/>
      <MainUnit Value="0"/>
      <Title Value="freezone"/>
      <UseAppBundle Value="False"/>
      <ResourceType Value="res"/>
    </General>
    <i18n>
      <EnableI18N LFM="False"/>
    </i18n>
    <BuildModes Count="3">
      <Item1 Name="Default" Default="True"/>
      <Item2 Name="Release">
        <CompilerOptions>
          <Version Value="11"/>
          <PathDelim Value="\"/>
          <Target>
            <Filename Value="..\..\..\release\cs_1510\bins\freezone"/>
          </Target>
          <SearchPaths>
            <IncludeFiles Value="$(ProjOutDir)"/>
            <OtherUnitFiles Value="..\..\..\shared;..\..\..\shared\3rdparty;..\..\..\engine_1510;highlevel;lowlevel;..\..\crossplatform\sysmsgs;..\..\..\shared\SourceKit"/>
            <UnitOutputDirectory Value="lib\$(TargetCPU)-$(TargetOS)"/>
          </SearchPaths>
          <Parsing>
            <SyntaxOptions>
              <SyntaxMode Value="Delphi"/>
            </SyntaxOptions>
          </Parsing>
          <CodeGeneration>
            <SmartLinkUnit Value="True"/>
            <RelocatableUnit Value="True"/>
            <Optimizations>
              <OptimizationLevel Value="3"/>
            </Optimizations>
          </CodeGeneration>
          <Linking>
            <Debugging>
              <GenerateDebugInfo Value="False"/>
            </Debugging>
            <LinkSmart Value="True"/>
            <Options>
              <ExecutableType Value="Library"/>
            </Options>
          </Linking>
          <Other>
            <CustomOptions Value="-dRELEASE_BUILD"/>
            <OtherDefines Count="1">
              <Define0 Value="RELEASE_BUILD"/>
            </OtherDefines>
          </Other>
        </CompilerOptions>
      </Item2>
      <Item3 Name="Revo_Release">
        <CompilerOptions>
          <Version Value="11"/>
          <PathDelim Value="\"/>
          <Target>
            <Filename Value="..\..\..\release\cs_1510\bins\freezone"/>
          </Target>
          <SearchPaths>
            <IncludeFiles Value="$(ProjOutDir)"/>
            <OtherUnitFiles Value="..\..\..\shared;..\..\..\shared\3rdparty;..\..\..\engine_1510;highlevel;lowlevel;..\..\crossplatform\sysmsgs;..\..\..\shared\SourceKit"/>
            <UnitOutputDirectory Value="lib\$(TargetCPU)-$(TargetOS)"/>
          </SearchPaths>
          <Parsing>
            <SyntaxOptions>
              <SyntaxMode Value="Delphi"/>
            </SyntaxOptions>
          </Parsing>
          <CodeGeneration>
            <SmartLinkUnit Value="True"/>
            <RelocatableUnit Value="True"/>
            <Optimizations>
              <OptimizationLevel Value="3"/>
            </Optimizations>
          </CodeGeneration>
          <Linking>
            <Debugging>
              <GenerateDebugInfo Value="False"/>
            </Debugging>
            <LinkSmart Value="True"/>
            <Options>
              <ExecutableType Value="Library"/>
            </Options>
          </Linking>
          <Other>
            <CustomOptions Value="-dRELEASE_BUILD
-dREVO"/>
            <OtherDefines Count="2">
              <Define0 Value="RELEASE_BUILD"/>
              <Define1 Value="REVO"/>
            </OtherDefines>
          </Other>
        </CompilerOptions>
      </Item3>
    </BuildModes>
    <PublishOptions>
      <Version Value="2"/>
    </PublishOptions>
    <RunParams>
      <local>
        <FormatVersion Value="1"/>
        <HostApplicationFilename Value="G:\stalker\stcs\freezone\bin\dedicated\xrEngine.exe"/>
        <CommandLineParams Value="-i -nosound -fsltx ..\fsgame.ltx -ltx ..\user.ltx -start server(mp_firestation/tdm/ver=1.0/public=0/hname=first_tdm_server/battleye=1/estime=9:00/spectrmds=30/fraglimit=0/timelimit=30/dmgblock=3/dmbi=0/ans=1/anslen=3/warmup=60/pdahunt=1/abalance=0/aswap=1/fn=1/ffire=1.0/portsv=5449/portgs=5450) client(localhost)"/>
        <WorkingDirectory Value="G:\stalker\stcs\freezone\bin"/>
      </local>
    </RunParams>
    <RequiredPackages Count="2">
      <Item1>
        <PackageName Value="LazControls"/>
      </Item1>
      <Item2>
        <PackageName Value="LCL"/>
      </Item2>
    </RequiredPackages>
    <Units Count="37">
      <Unit0>
        <Filename Value="freezone.lpr"/>
        <IsPartOfProject Value="True"/>
      </Unit0>
      <Unit1>
        <Filename Value="highlevel\Bans.pas"/>
        <IsPartOfProject Value="True"/>
      </Unit1>
      <Unit2>
        <Filename Value="highlevel\BasicProtection.pas"/>
        <IsPartOfProject Value="True"/>
      </Unit2>
      <Unit3>
        <Filename Value="highlevel\Censor.pas"/>
        <IsPartOfProject Value="True"/>
      </Unit3>
      <Unit4>
        <Filename Value="highlevel\Chat.pas"/>
        <IsPartOfProject Value="True"/>
      </Unit4>
      <Unit5>
        <Filename Value="highlevel\ChatCommands.pas"/>
        <IsPartOfProject Value="True"/>
      </Unit5>
      <Unit6>
        <Filename Value="highlevel\ConfigCache.pas"/>
        <IsPartOfProject Value="True"/>
      </Unit6>
      <Unit7>
        <Filename Value="highlevel\ConfigMgr.pas"/>
        <IsPartOfProject Value="True"/>
      </Unit7>
      <Unit8>
        <Filename Value="highlevel\ControlGUI.lfm"/>
        <IsPartOfProject Value="True"/>
      </Unit8>
      <Unit9>
        <Filename Value="highlevel\ControlGUI.pas"/>
        <IsPartOfProject Value="True"/>
        <ComponentName Value="FZControlGUI"/>
        <HasResources Value="True"/>
        <ResourceBaseClass Value="Form"/>
      </Unit9>
      <Unit10>
        <Filename Value="highlevel\DownloadMgr.pas"/>
        <IsPartOfProject Value="True"/>
      </Unit10>
      <Unit11>
        <Filename Value="highlevel\Emergency.pas"/>
        <IsPartOfProject Value="True"/>
      </Unit11>
      <Unit12>
        <Filename Value="highlevel\GameSpy.pas"/>
        <IsPartOfProject Value="True"/>
      </Unit12>
      <Unit13>
        <Filename Value="highlevel\LogMgr.pas"/>
        <IsPartOfProject Value="True"/>
      </Unit13>
      <Unit14>
        <Filename Value="highlevel\PacketFilter.pas"/>
        <IsPartOfProject Value="True"/>
      </Unit14>
      <Unit15>
        <Filename Value="highlevel\Players.pas"/>
        <IsPartOfProject Value="True"/>
      </Unit15>
      <Unit16>
        <Filename Value="highlevel\PlayerSkins.pas"/>
        <IsPartOfProject Value="True"/>
      </Unit16>
      <Unit17>
        <Filename Value="highlevel\SACE_interface.pas"/>
        <IsPartOfProject Value="True"/>
      </Unit17>
      <Unit18>
        <Filename Value="highlevel\ServerStuff.pas"/>
        <IsPartOfProject Value="True"/>
      </Unit18>
      <Unit19>
        <Filename Value="highlevel\SubnetBanList.pas"/>
        <IsPartOfProject Value="True"/>
      </Unit19>
      <Unit20>
        <Filename Value="highlevel\UpdateRate.pas"/>
        <IsPartOfProject Value="True"/>
      </Unit20>
      <Unit21>
        <Filename Value="highlevel\Voting.pas"/>
        <IsPartOfProject Value="True"/>
      </Unit21>
      <Unit22>
        <Filename Value="lowlevel\badpackets.pas"/>
        <IsPartOfProject Value="True"/>
      </Unit22>
      <Unit23>
        <Filename Value="lowlevel\Compressor.pas"/>
        <IsPartOfProject Value="True"/>
      </Unit23>
      <Unit24>
        <Filename Value="lowlevel\fz_injections.pas"/>
        <IsPartOfProject Value="True"/>
      </Unit24>
      <Unit25>
        <Filename Value="highlevel\SACE_hacks.pas"/>
        <IsPartOfProject Value="True"/>
      </Unit25>
      <Unit26>
        <Filename Value="highlevel\appinit.pas"/>
        <IsPartOfProject Value="True"/>
      </Unit26>
      <Unit27>
        <Filename Value="highlevel\itemscfgmgr.pas"/>
        <IsPartOfProject Value="True"/>
        <UnitName Value="ItemsCfgMgr"/>
      </Unit27>
      <Unit28>
        <Filename Value="highlevel\hackprocessor.pas"/>
        <IsPartOfProject Value="True"/>
        <UnitName Value="HackProcessor"/>
      </Unit28>
      <Unit29>
        <Filename Value="highlevel\playersconnectionlog.pas"/>
        <IsPartOfProject Value="True"/>
        <UnitName Value="PlayersConnectionLog"/>
      </Unit29>
      <Unit30>
        <Filename Value="highlevel\mapgametypes.pas"/>
        <IsPartOfProject Value="True"/>
        <UnitName Value="MapGametypes"/>
      </Unit30>
      <Unit31>
        <Filename Value="highlevel\ge_filter.pas"/>
        <IsPartOfProject Value="True"/>
      </Unit31>
      <Unit32>
        <Filename Value="highlevel\playersconsole.pas"/>
        <IsPartOfProject Value="True"/>
        <UnitName Value="PlayersConsole"/>
      </Unit32>
      <Unit33>
        <Filename Value="highlevel\admincommands.pas"/>
        <IsPartOfProject Value="True"/>
        <UnitName Value="AdminCommands"/>
      </Unit33>
      <Unit34>
        <Filename Value="highlevel\whitehashes.pas"/>
        <IsPartOfProject Value="True"/>
      </Unit34>
      <Unit35>
        <Filename Value="highlevel\teleportmgr.pas"/>
        <IsPartOfProject Value="True"/>
        <UnitName Value="TeleportMgr"/>
      </Unit35>
      <Unit36>
        <Filename Value="highlevel\hitmgr.pas"/>
        <IsPartOfProject Value="True"/>
        <UnitName Value="HitMgr"/>
      </Unit36>
    </Units>
  </ProjectOptions>
  <CompilerOptions>
    <Version Value="11"/>
    <PathDelim Value="\"/>
    <Target>
      <Filename Value="..\..\..\release\cs_1510\bins\freezone"/>
    </Target>
    <SearchPaths>
      <IncludeFiles Value="$(ProjOutDir)"/>
      <OtherUnitFiles Value="..\..\..\shared;..\..\..\shared\3rdparty;..\..\..\engine_1510;highlevel;lowlevel;..\..\crossplatform\sysmsgs;..\..\..\shared\SourceKit"/>
      <UnitOutputDirectory Value="lib\$(TargetCPU)-$(TargetOS)"/>
    </SearchPaths>
    <Parsing>
      <SyntaxOptions>
        <SyntaxMode Value="Delphi"/>
      </SyntaxOptions>
    </Parsing>
    <CodeGeneration>
      <RelocatableUnit Value="True"/>
    </CodeGeneration>
    <Linking>
      <Options>
        <ExecutableType Value="Library"/>
      </Options>
    </Linking>
  </CompilerOptions>
  <Debugging>
    <Exceptions Count="3">
      <Item1>
        <Name Value="EAbort"/>
      </Item1>
      <Item2>
        <Name Value="ECodetoolError"/>
      </Item2>
      <Item3>
        <Name Value="EFOpenError"/>
      </Item3>
    </Exceptions>
  </Debugging>
</CONFIG>
