<?xml version="1.0" encoding="UTF-8"?>
<CONFIG>
  <ProjectOptions>
    <Version Value="11"/>
    <PathDelim Value="\"/>
    <General>
      <Flags>
        <MainUnitHasCreateFormStatements Value="False"/>
        <MainUnitHasTitleStatement Value="False"/>
        <MainUnitHasScaledStatement Value="False"/>
      </Flags>
      <SessionStorage Value="InProjectDir"/>
      <MainUnit Value="0"/>
      <Title Value="freezone"/>
      <UseAppBundle Value="False"/>
      <ResourceType Value="res"/>
    </General>
    <BuildModes Count="3">
      <Item1 Name="Default" Default="True"/>
      <Item2 Name="Debug">
        <CompilerOptions>
          <Version Value="11"/>
          <PathDelim Value="\"/>
          <Target>
            <Filename Value="..\..\..\release\cop_1602\bins\freezone"/>
          </Target>
          <SearchPaths>
            <IncludeFiles Value="$(ProjOutDir)"/>
            <OtherUnitFiles Value="highlevel;lowlevel;..\..\..\shared;..\..\..\engine_1602;..\..\crossplatform\sysmsgs;..\..\..\shared\3rdparty;..\..\..\shared\SourceKit"/>
            <UnitOutputDirectory Value="lib\$(TargetCPU)-$(TargetOS)"/>
          </SearchPaths>
          <Parsing>
            <SyntaxOptions>
              <IncludeAssertionCode Value="True"/>
            </SyntaxOptions>
          </Parsing>
          <CodeGeneration>
            <RelocatableUnit Value="True"/>
            <Checks>
              <IOChecks Value="True"/>
              <RangeChecks Value="True"/>
              <OverflowChecks Value="True"/>
              <StackChecks Value="True"/>
            </Checks>
            <VerifyObjMethodCallValidity Value="True"/>
          </CodeGeneration>
          <Linking>
            <Debugging>
              <DebugInfoType Value="dsDwarf2Set"/>
              <UseHeaptrc Value="True"/>
              <TrashVariables Value="True"/>
              <UseExternalDbgSyms Value="True"/>
            </Debugging>
            <Options>
              <ExecutableType Value="Library"/>
            </Options>
          </Linking>
        </CompilerOptions>
      </Item2>
      <Item3 Name="Release">
        <CompilerOptions>
          <Version Value="11"/>
          <PathDelim Value="\"/>
          <Target>
            <Filename Value="..\..\..\release\cop_1602\bins\freezone"/>
          </Target>
          <SearchPaths>
            <IncludeFiles Value="$(ProjOutDir)"/>
            <OtherUnitFiles Value="highlevel;lowlevel;..\..\..\shared;..\..\..\engine_1602;..\..\crossplatform\sysmsgs;..\..\..\shared\3rdparty;..\..\..\shared\SourceKit"/>
            <UnitOutputDirectory Value="lib\$(TargetCPU)-$(TargetOS)"/>
          </SearchPaths>
          <CodeGeneration>
            <SmartLinkUnit Value="True"/>
            <RelocatableUnit Value="True"/>
            <Optimizations>
              <OptimizationLevel Value="3"/>
            </Optimizations>
          </CodeGeneration>
          <Linking>
            <Debugging>
              <GenerateDebugInfo Value="False"/>
            </Debugging>
            <LinkSmart Value="True"/>
            <Options>
              <ExecutableType Value="Library"/>
            </Options>
          </Linking>
          <Other>
            <CustomOptions Value="-dRELEASE_BUILD"/>
          </Other>
        </CompilerOptions>
      </Item3>
    </BuildModes>
    <PublishOptions>
      <Version Value="2"/>
    </PublishOptions>
    <RunParams>
      <local>
        <HostApplicationFilename Value="G:\stalker\stcop\freezone\bin\dedicated\xrEngine.exe"/>
        <CommandLineParams Value="-i -nosound -fsltx ..\fsgame.ltx -ltx ..\user.ltx -start server(mp_atp/ah/ver=1.0/public=0/hname=first_tdm_server/battleye=1/estime=9:00/spectrmds=30/fraglimit=0/timelimit=30/dmgblock=3/dmbi=0/ans=1/anslen=3/warmup=60/pdahunt=1/abalance=0/aswap=1/fn=1/ffire=1.0/portsv=5449/portgs=5450) client(localhost)"/>
        <WorkingDirectory Value="G:\stalker\stcop\freezone\bin"/>
      </local>
      <FormatVersion Value="2"/>
      <Modes Count="1">
        <Mode0 Name="default">
          <local>
            <HostApplicationFilename Value="G:\stalker\stcop\freezone\bin\dedicated\xrEngine.exe"/>
            <CommandLineParams Value="-i -nosound -fsltx ..\fsgame.ltx -ltx ..\user.ltx -start server(mp_atp/ah/ver=1.0/public=0/hname=first_tdm_server/battleye=1/estime=9:00/spectrmds=30/fraglimit=0/timelimit=30/dmgblock=3/dmbi=0/ans=1/anslen=3/warmup=60/pdahunt=1/abalance=0/aswap=1/fn=1/ffire=1.0/portsv=5449/portgs=5450) client(localhost)"/>
            <WorkingDirectory Value="G:\stalker\stcop\freezone\bin"/>
          </local>
        </Mode0>
      </Modes>
    </RunParams>
    <RequiredPackages Count="1">
      <Item1>
        <PackageName Value="LazUtils"/>
      </Item1>
    </RequiredPackages>
    <Units Count="20">
      <Unit0>
        <Filename Value="freezone.lpr"/>
        <IsPartOfProject Value="True"/>
      </Unit0>
      <Unit1>
        <Filename Value="highlevel\LogMgr.pas"/>
        <IsPartOfProject Value="True"/>
      </Unit1>
      <Unit2>
        <Filename Value="highlevel\appinit.pas"/>
        <IsPartOfProject Value="True"/>
      </Unit2>
      <Unit3>
        <Filename Value="highlevel\ConfigCache.pas"/>
        <IsPartOfProject Value="True"/>
      </Unit3>
      <Unit4>
        <Filename Value="highlevel\ConfigMgr.pas"/>
        <IsPartOfProject Value="True"/>
      </Unit4>
      <Unit5>
        <Filename Value="lowlevel\fz_injections.pas"/>
        <IsPartOfProject Value="True"/>
      </Unit5>
      <Unit6>
        <Filename Value="highlevel\basicprotection.pas"/>
        <IsPartOfProject Value="True"/>
        <UnitName Value="BasicProtection"/>
      </Unit6>
      <Unit7>
        <Filename Value="highlevel\players.pas"/>
        <IsPartOfProject Value="True"/>
        <UnitName Value="Players"/>
      </Unit7>
      <Unit8>
        <Filename Value="highlevel\hackprocessor.pas"/>
        <IsPartOfProject Value="True"/>
        <UnitName Value="HackProcessor"/>
      </Unit8>
      <Unit9>
        <Filename Value="highlevel\playersconnectionlog.pas"/>
        <IsPartOfProject Value="True"/>
        <UnitName Value="PlayersConnectionLog"/>
      </Unit9>
      <Unit10>
        <Filename Value="highlevel\Bans.pas"/>
        <IsPartOfProject Value="True"/>
      </Unit10>
      <Unit11>
        <Filename Value="highlevel\SubnetBanList.pas"/>
        <IsPartOfProject Value="True"/>
      </Unit11>
      <Unit12>
        <Filename Value="highlevel\DownloadMgr.pas"/>
        <IsPartOfProject Value="True"/>
      </Unit12>
      <Unit13>
        <Filename Value="highlevel\ServerStuff.pas"/>
        <IsPartOfProject Value="True"/>
      </Unit13>
      <Unit14>
        <Filename Value="highlevel\GameSpy.pas"/>
        <IsPartOfProject Value="True"/>
      </Unit14>
      <Unit15>
        <Filename Value="highlevel\chat.pas"/>
        <IsPartOfProject Value="True"/>
        <UnitName Value="Chat"/>
      </Unit15>
      <Unit16>
        <Filename Value="highlevel\ChatCommands.pas"/>
        <IsPartOfProject Value="True"/>
      </Unit16>
      <Unit17>
        <Filename Value="highlevel\Censor.pas"/>
        <IsPartOfProject Value="True"/>
      </Unit17>
      <Unit18>
        <Filename Value="highlevel\Voting.pas"/>
        <IsPartOfProject Value="True"/>
      </Unit18>
      <Unit19>
        <Filename Value="highlevel\mapgametypes.pas"/>
        <IsPartOfProject Value="True"/>
        <UnitName Value="MapGametypes"/>
      </Unit19>
    </Units>
  </ProjectOptions>
  <CompilerOptions>
    <Version Value="11"/>
    <PathDelim Value="\"/>
    <Target>
      <Filename Value="..\..\..\release\cop_1602\bins\freezone"/>
    </Target>
    <SearchPaths>
      <IncludeFiles Value="$(ProjOutDir)"/>
      <OtherUnitFiles Value="highlevel;..\..\..\shared;..\..\..\engine_1602;lowlevel;..\..\crossplatform\sysmsgs;..\..\..\shared\SourceKit"/>
      <UnitOutputDirectory Value="lib\$(TargetCPU)-$(TargetOS)"/>
    </SearchPaths>
    <Parsing>
      <SyntaxOptions>
        <SyntaxMode Value="Delphi"/>
      </SyntaxOptions>
    </Parsing>
    <CodeGeneration>
      <RelocatableUnit Value="True"/>
    </CodeGeneration>
    <Linking>
      <Options>
        <ExecutableType Value="Library"/>
      </Options>
    </Linking>
  </CompilerOptions>
  <Debugging>
    <Exceptions Count="3">
      <Item1>
        <Name Value="EAbort"/>
      </Item1>
      <Item2>
        <Name Value="ECodetoolError"/>
      </Item2>
      <Item3>
        <Name Value="EFOpenError"/>
      </Item3>
    </Exceptions>
  </Debugging>
</CONFIG>
